// !$*UTF8*$!
{
	archiveVersion = 1;
	classes = {};
	objectVersion = 56;
	objects = {
B5F9497B0E085F1583A517A8 = {isa = XCRemoteSwiftPackageReference; repositoryURL = "https://github.com/stripe/stripe-ios.git"; requirement = {kind = exactVersion; version = 25.9.0; }; };
9DB8ECEF57CD50FDB49FA8BC = {isa = XCSwiftPackageProductDependency; package = B5F9497B0E085F1583A517A8; productName = StripePaymentSheet; };
74A275709FCB5E03869846A7 = {isa = PBXBuildFile; productRef = 9DB8ECEF57CD50FDB49FA8BC; };

/* Begin PBXBuildFile section */
		400C0FCDC1F75AD89ABA6789 /* KintampoMarketApp.swift in Sources */ = {isa = PBXBuildFile; fileRef = E1DAEA061144579E945364FC /* KintampoMarketApp.swift */; };
		CB5C3FA2D5925C74B529928B /* MoreModels.swift in Sources */ = {isa = PBXBuildFile; fileRef = F54B7C9729595A51BDE4E988 /* MoreModels.swift */; };
		C0F5AA554F415ABFBD5B7BF1 /* Product.swift in Sources */ = {isa = PBXBuildFile; fileRef = CD291C859A0054BDB7721FAE /* Product.swift */; };
		CCC0D152A319512BAE892AEE /* RootTabView.swift in Sources */ = {isa = PBXBuildFile; fileRef = AB0C8640087158D88F475553 /* RootTabView.swift */; };
		5CC913628C2750D286D548D9 /* WatchRootView.swift in Sources */ = {isa = PBXBuildFile; fileRef = 50586F1D3E515BDBBDC8561F /* WatchRootView.swift */; };
		9B74DAAEA9515D69AA6828DD /* APIClient.swift in Sources */ = {isa = PBXBuildFile; fileRef = F769F361ECD75F42873EC8D6 /* APIClient.swift */; };
		2DC73DE9BC2F5108ADD5CE88 /* AccountStores.swift in Sources */ = {isa = PBXBuildFile; fileRef = D9F27D11719F537D9D4CE211 /* AccountStores.swift */; };
		C396BC1E3C425D7495DDC6CA /* AppConfig.swift in Sources */ = {isa = PBXBuildFile; fileRef = D6400682ED575D25A89A4E2B /* AppConfig.swift */; };
		AA90F5BAC8B15067B9C413C7 /* CartStore.swift in Sources */ = {isa = PBXBuildFile; fileRef = DCB4A47AE7E0534C9144B9B1 /* CartStore.swift */; };
		BA5206BC7BE75703976A1EC6 /* CatalogStore.swift in Sources */ = {isa = PBXBuildFile; fileRef = 2B5C0AB2D2095BA392D7A3B5 /* CatalogStore.swift */; };
		AFA1FED3CBC8592E91E5861D /* ImageCache.swift in Sources */ = {isa = PBXBuildFile; fileRef = 06751DF963205E5FA124D6E0 /* ImageCache.swift */; };
		66A69EF774AB5DD597FBA2A0 /* SessionVault.swift in Sources */ = {isa = PBXBuildFile; fileRef = 42FA4A61702D5B2C8B4BBE04 /* SessionVault.swift */; };
		BF7470D42CDF5C1989DF9C06 /* SupabaseService.swift in Sources */ = {isa = PBXBuildFile; fileRef = E49AD026FBDE5341AC6D5E33 /* SupabaseService.swift */; };
		50C735A0486A53E2B46D1766 /* Brand.swift in Sources */ = {isa = PBXBuildFile; fileRef = 91AE8850BF8D5368ABF2D887 /* Brand.swift */; };
		0326B01002A65B5D98B5D76D /* StoreConfig.swift in Sources */ = {isa = PBXBuildFile; fileRef = 15BFC3F5EC8F52D69F767D8E /* StoreConfig.swift */; };
		CBB4D7763F0750EAA1FF04AE /* ViewModels.swift in Sources */ = {isa = PBXBuildFile; fileRef = F23A61531E1255668ADB9718 /* ViewModels.swift */; };
		F912D10A70EE54BBB21CF9FD /* AccountView.swift in Sources */ = {isa = PBXBuildFile; fileRef = 290C40193FEF5C308263453B /* AccountView.swift */; };
		6C88D8E9DB5D5EF9A18C0C01 /* CartView.swift in Sources */ = {isa = PBXBuildFile; fileRef = 0BF73F4628735EDFB9D4E8B2 /* CartView.swift */; };
		BFAEBB237E7A5776AF1C7BBF /* ProductCard.swift in Sources */ = {isa = PBXBuildFile; fileRef = 3AD1C47678F050CF9BBC4D1D /* ProductCard.swift */; };
		164B793A6A6159969B777958 /* FeatureViews.swift in Sources */ = {isa = PBXBuildFile; fileRef = 67DC74A0BD515A3280D13708 /* FeatureViews.swift */; };
		D53D4FBFD15C55AE86A44578 /* HomeView.swift in Sources */ = {isa = PBXBuildFile; fileRef = FF60271C675E51B79743A28C /* HomeView.swift */; };
		AECF71F3CC8152B2A26F1D1D /* NativePaymentView.swift in Sources */ = {isa = PBXBuildFile; fileRef = 1F8D5F6C4B3D5E85865B809E /* NativePaymentView.swift */; };
		619AEE1321CE50FB89139892 /* ProductDetailView.swift in Sources */ = {isa = PBXBuildFile; fileRef = 2C0FA355815A57AAAD4CCD2B /* ProductDetailView.swift */; };
		929BB283604B5F9998217E3E /* ShopView.swift in Sources */ = {isa = PBXBuildFile; fileRef = 3DDB359E475E559481FD738D /* ShopView.swift */; };
		D3DFC249611F58D9A34CF017 /* TrackOrderView.swift in Sources */ = {isa = PBXBuildFile; fileRef = B2B2F1C95355524CA06B488B /* TrackOrderView.swift */; };
		30D80D50DC015FEEA00E975C /* KintampoMarketApp.swift in Sources */ = {isa = PBXBuildFile; fileRef = E1DAEA061144579E945364FC /* KintampoMarketApp.swift */; };
		6D416DDF51F757C9B32C0566 /* MoreModels.swift in Sources */ = {isa = PBXBuildFile; fileRef = F54B7C9729595A51BDE4E988 /* MoreModels.swift */; };
		74D811FB1EB15E008CA82E17 /* Product.swift in Sources */ = {isa = PBXBuildFile; fileRef = CD291C859A0054BDB7721FAE /* Product.swift */; };
		3B644DD4441B567599764743 /* RootTabView.swift in Sources */ = {isa = PBXBuildFile; fileRef = AB0C8640087158D88F475553 /* RootTabView.swift */; };
		8D81B20BD5975A98B7AB53FC /* WatchRootView.swift in Sources */ = {isa = PBXBuildFile; fileRef = 50586F1D3E515BDBBDC8561F /* WatchRootView.swift */; };
		A043C54436105647B63B2889 /* APIClient.swift in Sources */ = {isa = PBXBuildFile; fileRef = F769F361ECD75F42873EC8D6 /* APIClient.swift */; };
		4948FE1A02B455588F0B4014 /* AccountStores.swift in Sources */ = {isa = PBXBuildFile; fileRef = D9F27D11719F537D9D4CE211 /* AccountStores.swift */; };
		677D1DA585DD580EB1ADE644 /* AppConfig.swift in Sources */ = {isa = PBXBuildFile; fileRef = D6400682ED575D25A89A4E2B /* AppConfig.swift */; };
		A856C2745994541BA284073B /* CartStore.swift in Sources */ = {isa = PBXBuildFile; fileRef = DCB4A47AE7E0534C9144B9B1 /* CartStore.swift */; };
		1D225046D3835084AEE307E5 /* CatalogStore.swift in Sources */ = {isa = PBXBuildFile; fileRef = 2B5C0AB2D2095BA392D7A3B5 /* CatalogStore.swift */; };
		37A28A1533665AF5884D6A07 /* ImageCache.swift in Sources */ = {isa = PBXBuildFile; fileRef = 06751DF963205E5FA124D6E0 /* ImageCache.swift */; };
		BAFF491ABF5E5B718CFCAF64 /* SessionVault.swift in Sources */ = {isa = PBXBuildFile; fileRef = 42FA4A61702D5B2C8B4BBE04 /* SessionVault.swift */; };
		33022D68A0715955B043EBB0 /* SupabaseService.swift in Sources */ = {isa = PBXBuildFile; fileRef = E49AD026FBDE5341AC6D5E33 /* SupabaseService.swift */; };
		18BD1923BF7B53B6B540B099 /* Brand.swift in Sources */ = {isa = PBXBuildFile; fileRef = 91AE8850BF8D5368ABF2D887 /* Brand.swift */; };
		50388D754B655577A8257EB9 /* StoreConfig.swift in Sources */ = {isa = PBXBuildFile; fileRef = 15BFC3F5EC8F52D69F767D8E /* StoreConfig.swift */; };
		0E4F3AADBBD85924AFA25492 /* ViewModels.swift in Sources */ = {isa = PBXBuildFile; fileRef = F23A61531E1255668ADB9718 /* ViewModels.swift */; };
		13B32DBACC5B5E5C9471BE01 /* AccountView.swift in Sources */ = {isa = PBXBuildFile; fileRef = 290C40193FEF5C308263453B /* AccountView.swift */; };
		BDA24C31158151698089F2EB /* CartView.swift in Sources */ = {isa = PBXBuildFile; fileRef = 0BF73F4628735EDFB9D4E8B2 /* CartView.swift */; };
		63FF8A31EFEE5D3CB8C80BB3 /* ProductCard.swift in Sources */ = {isa = PBXBuildFile; fileRef = 3AD1C47678F050CF9BBC4D1D /* ProductCard.swift */; };
		457C86FAB68050D9B08A83EC /* FeatureViews.swift in Sources */ = {isa = PBXBuildFile; fileRef = 67DC74A0BD515A3280D13708 /* FeatureViews.swift */; };
		DF754EDFDF7C5AB68D87F1BC /* HomeView.swift in Sources */ = {isa = PBXBuildFile; fileRef = FF60271C675E51B79743A28C /* HomeView.swift */; };
		44A2B506C3EC50F88F978DAB /* NativePaymentView.swift in Sources */ = {isa = PBXBuildFile; fileRef = 1F8D5F6C4B3D5E85865B809E /* NativePaymentView.swift */; };
		7C60FF16CC215C20BA656042 /* ProductDetailView.swift in Sources */ = {isa = PBXBuildFile; fileRef = 2C0FA355815A57AAAD4CCD2B /* ProductDetailView.swift */; };
		8584BF38E4625347A4129403 /* ShopView.swift in Sources */ = {isa = PBXBuildFile; fileRef = 3DDB359E475E559481FD738D /* ShopView.swift */; };
		ADE0D0AEC0F05039BD12D0DE /* TrackOrderView.swift in Sources */ = {isa = PBXBuildFile; fileRef = B2B2F1C95355524CA06B488B /* TrackOrderView.swift */; };
		41902B443BC753D2AB7A6D4E /* KintampoMarketApp.swift in Sources */ = {isa = PBXBuildFile; fileRef = E1DAEA061144579E945364FC /* KintampoMarketApp.swift */; };
		31EA7761B70E519CAE4C722A /* MoreModels.swift in Sources */ = {isa = PBXBuildFile; fileRef = F54B7C9729595A51BDE4E988 /* MoreModels.swift */; };
		A5433CC2835C5C7A8070EE2D /* Product.swift in Sources */ = {isa = PBXBuildFile; fileRef = CD291C859A0054BDB7721FAE /* Product.swift */; };
		E998543B01DA55C3BF7A7C80 /* WatchRootView.swift in Sources */ = {isa = PBXBuildFile; fileRef = 50586F1D3E515BDBBDC8561F /* WatchRootView.swift */; };
		6DCF1FBEF2D4539880E30A27 /* APIClient.swift in Sources */ = {isa = PBXBuildFile; fileRef = F769F361ECD75F42873EC8D6 /* APIClient.swift */; };
		B18BA09802255E87A4A97FA5 /* AccountStores.swift in Sources */ = {isa = PBXBuildFile; fileRef = D9F27D11719F537D9D4CE211 /* AccountStores.swift */; };
		B364F0E859D958A3A1E06DCA /* AppConfig.swift in Sources */ = {isa = PBXBuildFile; fileRef = D6400682ED575D25A89A4E2B /* AppConfig.swift */; };
		2872708F55B65D94950505AC /* CartStore.swift in Sources */ = {isa = PBXBuildFile; fileRef = DCB4A47AE7E0534C9144B9B1 /* CartStore.swift */; };
		290C5E4B8ACC5319A28AD5D4 /* CatalogStore.swift in Sources */ = {isa = PBXBuildFile; fileRef = 2B5C0AB2D2095BA392D7A3B5 /* CatalogStore.swift */; };
		651B23B656165BB1ADD409EB /* ImageCache.swift in Sources */ = {isa = PBXBuildFile; fileRef = 06751DF963205E5FA124D6E0 /* ImageCache.swift */; };
		3496DE14B9905441BC731174 /* SessionVault.swift in Sources */ = {isa = PBXBuildFile; fileRef = 42FA4A61702D5B2C8B4BBE04 /* SessionVault.swift */; };
		91B300B859DB5B028F471BFC /* SupabaseService.swift in Sources */ = {isa = PBXBuildFile; fileRef = E49AD026FBDE5341AC6D5E33 /* SupabaseService.swift */; };
		E0E045A0C1065B8DBF827BC7 /* Brand.swift in Sources */ = {isa = PBXBuildFile; fileRef = 91AE8850BF8D5368ABF2D887 /* Brand.swift */; };
		23BD2CD2B53F5F4CA6EF022F /* StoreConfig.swift in Sources */ = {isa = PBXBuildFile; fileRef = 15BFC3F5EC8F52D69F767D8E /* StoreConfig.swift */; };
		B2690B597A9956769186E136 /* ViewModels.swift in Sources */ = {isa = PBXBuildFile; fileRef = F23A61531E1255668ADB9718 /* ViewModels.swift */; };
/* End PBXBuildFile section */

/* Begin PBXFileReference section */
		E1DAEA061144579E945364FC /* KintampoMarketApp.swift */ = {isa = PBXFileReference; lastKnownFileType = sourcecode.swift; path = KintampoMarketApp.swift; sourceTree = "<group>"; };
		F54B7C9729595A51BDE4E988 /* MoreModels.swift */ = {isa = PBXFileReference; lastKnownFileType = sourcecode.swift; path = MoreModels.swift; sourceTree = "<group>"; };
		CD291C859A0054BDB7721FAE /* Product.swift */ = {isa = PBXFileReference; lastKnownFileType = sourcecode.swift; path = Product.swift; sourceTree = "<group>"; };
		AB0C8640087158D88F475553 /* RootTabView.swift */ = {isa = PBXFileReference; lastKnownFileType = sourcecode.swift; path = RootTabView.swift; sourceTree = "<group>"; };
		50586F1D3E515BDBBDC8561F /* WatchRootView.swift */ = {isa = PBXFileReference; lastKnownFileType = sourcecode.swift; path = WatchRootView.swift; sourceTree = "<group>"; };
		F769F361ECD75F42873EC8D6 /* APIClient.swift */ = {isa = PBXFileReference; lastKnownFileType = sourcecode.swift; path = APIClient.swift; sourceTree = "<group>"; };
		D9F27D11719F537D9D4CE211 /* AccountStores.swift */ = {isa = PBXFileReference; lastKnownFileType = sourcecode.swift; path = AccountStores.swift; sourceTree = "<group>"; };
		D6400682ED575D25A89A4E2B /* AppConfig.swift */ = {isa = PBXFileReference; lastKnownFileType = sourcecode.swift; path = AppConfig.swift; sourceTree = "<group>"; };
		DCB4A47AE7E0534C9144B9B1 /* CartStore.swift */ = {isa = PBXFileReference; lastKnownFileType = sourcecode.swift; path = CartStore.swift; sourceTree = "<group>"; };
		2B5C0AB2D2095BA392D7A3B5 /* CatalogStore.swift */ = {isa = PBXFileReference; lastKnownFileType = sourcecode.swift; path = CatalogStore.swift; sourceTree = "<group>"; };
		06751DF963205E5FA124D6E0 /* ImageCache.swift */ = {isa = PBXFileReference; lastKnownFileType = sourcecode.swift; path = ImageCache.swift; sourceTree = "<group>"; };
		42FA4A61702D5B2C8B4BBE04 /* SessionVault.swift */ = {isa = PBXFileReference; lastKnownFileType = sourcecode.swift; path = SessionVault.swift; sourceTree = "<group>"; };
		E49AD026FBDE5341AC6D5E33 /* SupabaseService.swift */ = {isa = PBXFileReference; lastKnownFileType = sourcecode.swift; path = SupabaseService.swift; sourceTree = "<group>"; };
		91AE8850BF8D5368ABF2D887 /* Brand.swift */ = {isa = PBXFileReference; lastKnownFileType = sourcecode.swift; path = Brand.swift; sourceTree = "<group>"; };
		15BFC3F5EC8F52D69F767D8E /* StoreConfig.swift */ = {isa = PBXFileReference; lastKnownFileType = sourcecode.swift; path = StoreConfig.swift; sourceTree = "<group>"; };
		F23A61531E1255668ADB9718 /* ViewModels.swift */ = {isa = PBXFileReference; lastKnownFileType = sourcecode.swift; path = ViewModels.swift; sourceTree = "<group>"; };
		290C40193FEF5C308263453B /* AccountView.swift */ = {isa = PBXFileReference; lastKnownFileType = sourcecode.swift; path = AccountView.swift; sourceTree = "<group>"; };
		0BF73F4628735EDFB9D4E8B2 /* CartView.swift */ = {isa = PBXFileReference; lastKnownFileType = sourcecode.swift; path = CartView.swift; sourceTree = "<group>"; };
		3AD1C47678F050CF9BBC4D1D /* ProductCard.swift */ = {isa = PBXFileReference; lastKnownFileType = sourcecode.swift; path = ProductCard.swift; sourceTree = "<group>"; };
		67DC74A0BD515A3280D13708 /* FeatureViews.swift */ = {isa = PBXFileReference; lastKnownFileType = sourcecode.swift; path = FeatureViews.swift; sourceTree = "<group>"; };
		FF60271C675E51B79743A28C /* HomeView.swift */ = {isa = PBXFileReference; lastKnownFileType = sourcecode.swift; path = HomeView.swift; sourceTree = "<group>"; };
		1F8D5F6C4B3D5E85865B809E /* NativePaymentView.swift */ = {isa = PBXFileReference; lastKnownFileType = sourcecode.swift; path = NativePaymentView.swift; sourceTree = "<group>"; };
		2C0FA355815A57AAAD4CCD2B /* ProductDetailView.swift */ = {isa = PBXFileReference; lastKnownFileType = sourcecode.swift; path = ProductDetailView.swift; sourceTree = "<group>"; };
		3DDB359E475E559481FD738D /* ShopView.swift */ = {isa = PBXFileReference; lastKnownFileType = sourcecode.swift; path = ShopView.swift; sourceTree = "<group>"; };
		B2B2F1C95355524CA06B488B /* TrackOrderView.swift */ = {isa = PBXFileReference; lastKnownFileType = sourcecode.swift; path = TrackOrderView.swift; sourceTree = "<group>"; };
		25D1EF3DDAAD53D8A955AE0D /* Info.plist */ = {isa = PBXFileReference; lastKnownFileType = text.plist.xml; path = Info.plist; sourceTree = "<group>"; };
		714E304AE38953758F89BE91 /* Info-macOS.plist */ = {isa = PBXFileReference; lastKnownFileType = text.plist.xml; path = "Info-macOS.plist"; sourceTree = "<group>"; };
		3720E7E3240A5C1AA136C961 /* Info.plist */ = {isa = PBXFileReference; lastKnownFileType = text.plist.xml; path = Info.plist; sourceTree = "<group>"; };
		C0EA9C719C39577ABB995F4F /* Config.xcconfig */ = {isa = PBXFileReference; lastKnownFileType = text.xcconfig; path = Config.xcconfig; sourceTree = "<group>"; };
		539B02C1C840598682D7D5E7 /* KintampoMarket.app */ = {isa = PBXFileReference; explicitFileType = wrapper.application; includeInIndex = 0; path = KintampoMarket.app; sourceTree = BUILT_PRODUCTS_DIR; };
		34AC346C05935D7CB22CD24C /* KintampoMarketMac.app */ = {isa = PBXFileReference; explicitFileType = wrapper.application; includeInIndex = 0; path = KintampoMarketMac.app; sourceTree = BUILT_PRODUCTS_DIR; };
		BBF2DFFBFF515849982FAC30 /* KintampoMarketWatch.app */ = {isa = PBXFileReference; explicitFileType = wrapper.application; includeInIndex = 0; path = KintampoMarketWatch.app; sourceTree = BUILT_PRODUCTS_DIR; };
/* End PBXFileReference section */

/* Begin PBXGroup section */
		483E01C189905590AF48E84B = {isa = PBXGroup; children = (731FBBDD235C5977B7D0DBC9, 52D1363C505952EA80B4C546, CE473143BFDC5B1894F9EA6E, C0EA9C719C39577ABB995F4F); sourceTree = "<group>"; };
		CE473143BFDC5B1894F9EA6E /* Products */ = {isa = PBXGroup; children = (539B02C1C840598682D7D5E7, 34AC346C05935D7CB22CD24C, BBF2DFFBFF515849982FAC30); name = Products; sourceTree = "<group>"; };
		52D1363C505952EA80B4C546 /* KintampoMarketWatch */ = {isa = PBXGroup; children = (3720E7E3240A5C1AA136C961); path = KintampoMarketWatch; sourceTree = "<group>"; };
		731FBBDD235C5977B7D0DBC9 /* KintampoMarket */ = {isa = PBXGroup; children = (B79F8164601A5176BF23CD75, F598385BB9045C36B1338DAF, 74758A4B306051399F303FCE, A24C291AF9E753DF88EEBD5B, D0A23AD7305E58AB8C97AE3B, E98122E8060D51EC8A21107D, E1DAEA061144579E945364FC, 25D1EF3DDAAD53D8A955AE0D, 714E304AE38953758F89BE91); path = KintampoMarket; sourceTree = "<group>"; };
		B79F8164601A5176BF23CD75 /* Models */ = {isa = PBXGroup; children = (F54B7C9729595A51BDE4E988, CD291C859A0054BDB7721FAE); path = Models; sourceTree = "<group>"; };
		F598385BB9045C36B1338DAF /* Platform */ = {isa = PBXGroup; children = (AB0C8640087158D88F475553, 50586F1D3E515BDBBDC8561F); path = Platform; sourceTree = "<group>"; };
		74758A4B306051399F303FCE /* Services */ = {isa = PBXGroup; children = (F769F361ECD75F42873EC8D6, D9F27D11719F537D9D4CE211, D6400682ED575D25A89A4E2B, DCB4A47AE7E0534C9144B9B1, 2B5C0AB2D2095BA392D7A3B5, 06751DF963205E5FA124D6E0, 42FA4A61702D5B2C8B4BBE04, E49AD026FBDE5341AC6D5E33); path = Services; sourceTree = "<group>"; };
		A24C291AF9E753DF88EEBD5B /* Theme */ = {isa = PBXGroup; children = (91AE8850BF8D5368ABF2D887, 15BFC3F5EC8F52D69F767D8E); path = Theme; sourceTree = "<group>"; };
		D0A23AD7305E58AB8C97AE3B /* ViewModels */ = {isa = PBXGroup; children = (F23A61531E1255668ADB9718); path = ViewModels; sourceTree = "<group>"; };
		E98122E8060D51EC8A21107D /* Views */ = {isa = PBXGroup; children = (95B93819107D53CCBAB7C55F, 290C40193FEF5C308263453B, 0BF73F4628735EDFB9D4E8B2, 67DC74A0BD515A3280D13708, FF60271C675E51B79743A28C, 1F8D5F6C4B3D5E85865B809E, 2C0FA355815A57AAAD4CCD2B, 3DDB359E475E559481FD738D, B2B2F1C95355524CA06B488B); path = Views; sourceTree = "<group>"; };
		95B93819107D53CCBAB7C55F /* Components */ = {isa = PBXGroup; children = (3AD1C47678F050CF9BBC4D1D); path = Components; sourceTree = "<group>"; };
/* End PBXGroup section */

/* Begin PBXNativeTarget section */
		325B52CEC86D5802AABEBFF5 /* KintampoMarket */ = {
			isa = PBXNativeTarget;
			buildConfigurationList = DA9E3897F6825D09AB3D7F9F;
			buildPhases = (77F13744B24351C2BA0D2C7E, FED2F452126E5846B30770A7, 573FB2DDA2A85F27AD7BA2A3);
			buildRules = ();
			dependencies = ();
			packageProductDependencies = (9DB8ECEF57CD50FDB49FA8BC);
			name = KintampoMarket;
			productName = KintampoMarket;
			productReference = 539B02C1C840598682D7D5E7;
			productType = "com.apple.product-type.application";
		};
		D330B9724A875A75A78A54C3 /* KintampoMarketMac */ = {
			isa = PBXNativeTarget;
			buildConfigurationList = 46FC5E1FA0E25982AC84BD37;
			buildPhases = (893E1C31973D5E5CB2AC198B, 72DAEB3D651C549B9F9FF6A2, A7B80CFE542A51EA803D7D14);
			buildRules = ();
			dependencies = ();
			name = KintampoMarketMac;
			productName = KintampoMarketMac;
			productReference = 34AC346C05935D7CB22CD24C;
			productType = "com.apple.product-type.application";
		};
		F41486585A32533A865C69C1 /* KintampoMarketWatch */ = {
			isa = PBXNativeTarget;
			buildConfigurationList = 6DD9CC8CDE0C5ABFB0E96E76;
			buildPhases = (4521957B45DC5812A2336071, 1DAA865E637E529BAB93ED0A, 7046236652945512A956D70C);
			buildRules = ();
			dependencies = (0EC9F879A35D5570944A4203);
			name = KintampoMarketWatch;
			productName = KintampoMarketWatch;
			productReference = BBF2DFFBFF515849982FAC30;
			productType = "com.apple.product-type.application";
		};
/* End PBXNativeTarget section */

/* Begin PBXProject section */
		789917EC6295536C889EF05E /* Project object */ = {
			isa = PBXProject;
			attributes = { BuildIndependentTargetsInParallel = 1; LastSwiftUpdateCheck = 1500; LastUpgradeCheck = 1500; };
			buildConfigurationList = 63559BCF7D675302BFB4B9CA;
			compatibilityVersion = "Xcode 14.0";
			developmentRegion = en;
			hasScannedForEncodings = 0;
			knownRegions = (en, Base);
			mainGroup = 483E01C189905590AF48E84B;
			productRefGroup = CE473143BFDC5B1894F9EA6E;
			projectDirPath = "";
			projectRoot = "";
			packageReferences = (B5F9497B0E085F1583A517A8);
			targets = (325B52CEC86D5802AABEBFF5, D330B9724A875A75A78A54C3, F41486585A32533A865C69C1);
		};
/* End PBXProject section */

/* Begin PBXSourcesBuildPhase section */
		77F13744B24351C2BA0D2C7E = {isa = PBXSourcesBuildPhase; buildActionMask = 2147483647; files = (400C0FCDC1F75AD89ABA6789, CB5C3FA2D5925C74B529928B, C0F5AA554F415ABFBD5B7BF1, CCC0D152A319512BAE892AEE, 5CC913628C2750D286D548D9, 9B74DAAEA9515D69AA6828DD, 2DC73DE9BC2F5108ADD5CE88, C396BC1E3C425D7495DDC6CA, AA90F5BAC8B15067B9C413C7, BA5206BC7BE75703976A1EC6, AFA1FED3CBC8592E91E5861D, 66A69EF774AB5DD597FBA2A0, BF7470D42CDF5C1989DF9C06, 50C735A0486A53E2B46D1766, 0326B01002A65B5D98B5D76D, CBB4D7763F0750EAA1FF04AE, F912D10A70EE54BBB21CF9FD, 6C88D8E9DB5D5EF9A18C0C01, BFAEBB237E7A5776AF1C7BBF, 164B793A6A6159969B777958, D53D4FBFD15C55AE86A44578, AECF71F3CC8152B2A26F1D1D, 619AEE1321CE50FB89139892, 929BB283604B5F9998217E3E, D3DFC249611F58D9A34CF017); runOnlyForDeploymentPostprocessing = 0; };
		893E1C31973D5E5CB2AC198B = {isa = PBXSourcesBuildPhase; buildActionMask = 2147483647; files = (30D80D50DC015FEEA00E975C, 6D416DDF51F757C9B32C0566, 74D811FB1EB15E008CA82E17, 3B644DD4441B567599764743, 8D81B20BD5975A98B7AB53FC, A043C54436105647B63B2889, 4948FE1A02B455588F0B4014, 677D1DA585DD580EB1ADE644, A856C2745994541BA284073B, 1D225046D3835084AEE307E5, 37A28A1533665AF5884D6A07, BAFF491ABF5E5B718CFCAF64, 33022D68A0715955B043EBB0, 18BD1923BF7B53B6B540B099, 50388D754B655577A8257EB9, 0E4F3AADBBD85924AFA25492, 13B32DBACC5B5E5C9471BE01, BDA24C31158151698089F2EB, 63FF8A31EFEE5D3CB8C80BB3, 457C86FAB68050D9B08A83EC, DF754EDFDF7C5AB68D87F1BC, 44A2B506C3EC50F88F978DAB, 7C60FF16CC215C20BA656042, 8584BF38E4625347A4129403, ADE0D0AEC0F05039BD12D0DE); runOnlyForDeploymentPostprocessing = 0; };
		4521957B45DC5812A2336071 = {isa = PBXSourcesBuildPhase; buildActionMask = 2147483647; files = (41902B443BC753D2AB7A6D4E, 31EA7761B70E519CAE4C722A, A5433CC2835C5C7A8070EE2D, E998543B01DA55C3BF7A7C80, 6DCF1FBEF2D4539880E30A27, B18BA09802255E87A4A97FA5, B364F0E859D958A3A1E06DCA, 2872708F55B65D94950505AC, 290C5E4B8ACC5319A28AD5D4, 651B23B656165BB1ADD409EB, 3496DE14B9905441BC731174, 91B300B859DB5B028F471BFC, E0E045A0C1065B8DBF827BC7, 23BD2CD2B53F5F4CA6EF022F, B2690B597A9956769186E136); runOnlyForDeploymentPostprocessing = 0; };
/* End PBXSourcesBuildPhase section */

		FED2F452126E5846B30770A7 = {isa = PBXFrameworksBuildPhase; buildActionMask = 2147483647; files = (74A275709FCB5E03869846A7); runOnlyForDeploymentPostprocessing = 0; };
		72DAEB3D651C549B9F9FF6A2 = {isa = PBXFrameworksBuildPhase; buildActionMask = 2147483647; files = (); runOnlyForDeploymentPostprocessing = 0; };
		1DAA865E637E529BAB93ED0A = {isa = PBXFrameworksBuildPhase; buildActionMask = 2147483647; files = (); runOnlyForDeploymentPostprocessing = 0; };
		573FB2DDA2A85F27AD7BA2A3 = {isa = PBXResourcesBuildPhase; buildActionMask = 2147483647; files = (); runOnlyForDeploymentPostprocessing = 0; };
		A7B80CFE542A51EA803D7D14 = {isa = PBXResourcesBuildPhase; buildActionMask = 2147483647; files = (); runOnlyForDeploymentPostprocessing = 0; };
		7046236652945512A956D70C = {isa = PBXResourcesBuildPhase; buildActionMask = 2147483647; files = (); runOnlyForDeploymentPostprocessing = 0; };
		0EC9F879A35D5570944A4203 = {isa = PBXTargetDependency; target = 325B52CEC86D5802AABEBFF5; targetProxy = 4766206F6E9559D3A4B1387D; };
		4766206F6E9559D3A4B1387D = {isa = PBXContainerItemProxy; containerPortal = 789917EC6295536C889EF05E; proxyType = 1; remoteGlobalIDString = 325B52CEC86D5802AABEBFF5; remoteInfo = KintampoMarket; };
/* Begin XCBuildConfiguration section */
		A84CD172E19457128236AF05 /* Debug */ = {
			isa = XCBuildConfiguration; baseConfigurationReference = C0EA9C719C39577ABB995F4F;
			buildSettings = {
				ALWAYS_SEARCH_USER_PATHS = NO;
				CLANG_ENABLE_MODULES = YES;
				DEBUG_INFORMATION_FORMAT = dwarf;
				ONLY_ACTIVE_ARCH = YES;
				SWIFT_ACTIVE_COMPILATION_CONDITIONS = DEBUG;
				SWIFT_OPTIMIZATION_LEVEL = "-Onone";
			};
			name = Debug;
		};
		0F5AAB4358B35662B656BFE8 /* Release */ = {
			isa = XCBuildConfiguration; baseConfigurationReference = C0EA9C719C39577ABB995F4F;
			buildSettings = {
				ALWAYS_SEARCH_USER_PATHS = NO;
				CLANG_ENABLE_MODULES = YES;
				DEBUG_INFORMATION_FORMAT = "dwarf-with-dsym";
				SWIFT_COMPILATION_MODE = wholemodule;
				SWIFT_OPTIMIZATION_LEVEL = "-O";
			};
			name = Release;
		};
		395E6602102F57138C5942B7 /* Debug */ = {isa = XCBuildConfiguration; baseConfigurationReference = C0EA9C719C39577ABB995F4F; buildSettings = {
				ALWAYS_SEARCH_USER_PATHS = NO;
				CODE_SIGN_STYLE = Automatic;
				CURRENT_PROJECT_VERSION = 1;
				GENERATE_INFOPLIST_FILE = NO;
				INFOPLIST_FILE = KintampoMarket/Info.plist;
				MARKETING_VERSION = 1.0;
				PRODUCT_BUNDLE_IDENTIFIER = com.kintampoafricanmarket.app;
				PRODUCT_NAME = KintampoMarket;
				SDKROOT = iphoneos;
				SWIFT_VERSION = 5.0;
				IPHONEOS_DEPLOYMENT_TARGET = 17.0;
				SUPPORTED_PLATFORMS = "iphoneos iphonesimulator";
				TARGETED_DEVICE_FAMILY = "1,2";
			}; name = Debug; };
		8C22E09ADA4254BAAE7546D0 /* Release */ = {isa = XCBuildConfiguration; baseConfigurationReference = C0EA9C719C39577ABB995F4F; buildSettings = {
				ALWAYS_SEARCH_USER_PATHS = NO;
				CODE_SIGN_STYLE = Automatic;
				CURRENT_PROJECT_VERSION = 1;
				GENERATE_INFOPLIST_FILE = NO;
				INFOPLIST_FILE = KintampoMarket/Info.plist;
				MARKETING_VERSION = 1.0;
				PRODUCT_BUNDLE_IDENTIFIER = com.kintampoafricanmarket.app;
				PRODUCT_NAME = KintampoMarket;
				SDKROOT = iphoneos;
				SWIFT_VERSION = 5.0;
				IPHONEOS_DEPLOYMENT_TARGET = 17.0;
				SUPPORTED_PLATFORMS = "iphoneos iphonesimulator";
				TARGETED_DEVICE_FAMILY = "1,2";
			}; name = Release; };
		359AFD6581445F308760B047 /* Debug */ = {isa = XCBuildConfiguration; baseConfigurationReference = C0EA9C719C39577ABB995F4F; buildSettings = {
				ALWAYS_SEARCH_USER_PATHS = NO;
				CODE_SIGN_STYLE = Automatic;
				CURRENT_PROJECT_VERSION = 1;
				GENERATE_INFOPLIST_FILE = NO;
				INFOPLIST_FILE = "KintampoMarket/Info-macOS.plist";
				MARKETING_VERSION = 1.0;
				PRODUCT_BUNDLE_IDENTIFIER = com.kintampoafricanmarket.app.mac;
				PRODUCT_NAME = KintampoMarketMac;
				SDKROOT = macosx;
				SWIFT_VERSION = 5.0;
				MACOSX_DEPLOYMENT_TARGET = 14.0;
			}; name = Debug; };
		5D6AEB82BD485AD6B16DE25A /* Release */ = {isa = XCBuildConfiguration; baseConfigurationReference = C0EA9C719C39577ABB995F4F; buildSettings = {
				ALWAYS_SEARCH_USER_PATHS = NO;
				CODE_SIGN_STYLE = Automatic;
				CURRENT_PROJECT_VERSION = 1;
				GENERATE_INFOPLIST_FILE = NO;
				INFOPLIST_FILE = "KintampoMarket/Info-macOS.plist";
				MARKETING_VERSION = 1.0;
				PRODUCT_BUNDLE_IDENTIFIER = com.kintampoafricanmarket.app.mac;
				PRODUCT_NAME = KintampoMarketMac;
				SDKROOT = macosx;
				SWIFT_VERSION = 5.0;
				MACOSX_DEPLOYMENT_TARGET = 14.0;
			}; name = Release; };
		58F52E4F04005856AEC001E6 /* Debug */ = {isa = XCBuildConfiguration; baseConfigurationReference = C0EA9C719C39577ABB995F4F; buildSettings = {
				ALWAYS_SEARCH_USER_PATHS = NO;
				CODE_SIGN_STYLE = Automatic;
				CURRENT_PROJECT_VERSION = 1;
				GENERATE_INFOPLIST_FILE = NO;
				INFOPLIST_FILE = KintampoMarketWatch/Info.plist;
				MARKETING_VERSION = 1.0;
				PRODUCT_BUNDLE_IDENTIFIER = com.kintampoafricanmarket.app.watchkitapp;
				PRODUCT_NAME = KintampoMarketWatch;
				SDKROOT = watchos;
				SWIFT_VERSION = 5.0;
				WATCHOS_DEPLOYMENT_TARGET = 10.0;
				TARGETED_DEVICE_FAMILY = 4;
				SKIP_INSTALL = YES;
				WK_COMPANION_APP_BUNDLE_IDENTIFIER = com.kintampoafricanmarket.app;
			}; name = Debug; };
		5CDFA5B8AD7B5E8F93FD777F /* Release */ = {isa = XCBuildConfiguration; baseConfigurationReference = C0EA9C719C39577ABB995F4F; buildSettings = {
				ALWAYS_SEARCH_USER_PATHS = NO;
				CODE_SIGN_STYLE = Automatic;
				CURRENT_PROJECT_VERSION = 1;
				GENERATE_INFOPLIST_FILE = NO;
				INFOPLIST_FILE = KintampoMarketWatch/Info.plist;
				MARKETING_VERSION = 1.0;
				PRODUCT_BUNDLE_IDENTIFIER = com.kintampoafricanmarket.app.watchkitapp;
				PRODUCT_NAME = KintampoMarketWatch;
				SDKROOT = watchos;
				SWIFT_VERSION = 5.0;
				WATCHOS_DEPLOYMENT_TARGET = 10.0;
				TARGETED_DEVICE_FAMILY = 4;
				SKIP_INSTALL = YES;
				WK_COMPANION_APP_BUNDLE_IDENTIFIER = com.kintampoafricanmarket.app;
			}; name = Release; };
/* End XCBuildConfiguration section */

/* Begin XCConfigurationList section */
		63559BCF7D675302BFB4B9CA = {isa = XCConfigurationList; buildConfigurations = (A84CD172E19457128236AF05, 0F5AAB4358B35662B656BFE8); defaultConfigurationIsVisible = 0; defaultConfigurationName = Release; };
		DA9E3897F6825D09AB3D7F9F = {isa = XCConfigurationList; buildConfigurations = (395E6602102F57138C5942B7, 8C22E09ADA4254BAAE7546D0); defaultConfigurationIsVisible = 0; defaultConfigurationName = Release; };
		46FC5E1FA0E25982AC84BD37 = {isa = XCConfigurationList; buildConfigurations = (359AFD6581445F308760B047, 5D6AEB82BD485AD6B16DE25A); defaultConfigurationIsVisible = 0; defaultConfigurationName = Release; };
		6DD9CC8CDE0C5ABFB0E96E76 = {isa = XCConfigurationList; buildConfigurations = (58F52E4F04005856AEC001E6, 5CDFA5B8AD7B5E8F93FD777F); defaultConfigurationIsVisible = 0; defaultConfigurationName = Release; };
/* End XCConfigurationList section */
	};
	rootObject = 789917EC6295536C889EF05E /* Project object */;
}
